// !$*UTF8*$!
{
	archiveVersion = 1;
	classes = {
	};
	objectVersion = 56;
	objects = {

/* Begin PBXBuildFile section */
		8428532E2A9EF7F200E584E4 /* Realm in Frameworks */ = {isa = PBXBuildFile; productRef = 8428532D2A9EF7F200E584E4 /* Realm */; };
		842853302A9EF7F200E584E4 /* RealmSwift in Frameworks */ = {isa = PBXBuildFile; productRef = 8428532F2A9EF7F200E584E4 /* RealmSwift */; };
		846D909C2A9E9A0300605D40 /* CategoriesViewController.swift in Sources */ = {isa = PBXBuildFile; fileRef = 846D909B2A9E9A0300605D40 /* CategoriesViewController.swift */; };
		84B090312A9A7EB5005326FB /* AppDelegate.swift in Sources */ = {isa = PBXBuildFile; fileRef = 84B090302A9A7EB5005326FB /* AppDelegate.swift */; };
		84B090332A9A7EB5005326FB /* SceneDelegate.swift in Sources */ = {isa = PBXBuildFile; fileRef = 84B090322A9A7EB5005326FB /* SceneDelegate.swift */; };
		84B090352A9A7EB5005326FB /* TodosViewController.swift in Sources */ = {isa = PBXBuildFile; fileRef = 84B090342A9A7EB5005326FB /* TodosViewController.swift */; };
		84B090382A9A7EB5005326FB /* Main.storyboard in Resources */ = {isa = PBXBuildFile; fileRef = 84B090362A9A7EB5005326FB /* Main.storyboard */; };
		84B0903A2A9A7EB5005326FB /* Assets.xcassets in Resources */ = {isa = PBXBuildFile; fileRef = 84B090392A9A7EB5005326FB /* Assets.xcassets */; };
		84B0903D2A9A7EB5005326FB /* LaunchScreen.storyboard in Resources */ = {isa = PBXBuildFile; fileRef = 84B0903B2A9A7EB5005326FB /* LaunchScreen.storyboard */; };
		84FE78212A9FCB9900050F2F /* Category.swift in Sources */ = {isa = PBXBuildFile; fileRef = 84FE78202A9FCB9900050F2F /* Category.swift */; };
		84FE78232A9FCBA100050F2F /* Todo.swift in Sources */ = {isa = PBXBuildFile; fileRef = 84FE78222A9FCBA100050F2F /* Todo.swift */; };
/* End PBXBuildFile section */

/* Begin PBXFileReference section */
		846D909B2A9E9A0300605D40 /* CategoriesViewController.swift */ = {isa = PBXFileReference; lastKnownFileType = sourcecode.swift; path = CategoriesViewController.swift; sourceTree = "<group>"; };
		84B0902D2A9A7EB5005326FB /* Checkly.app */ = {isa = PBXFileReference; explicitFileType = wrapper.application; includeInIndex = 0; path = Checkly.app; sourceTree = BUILT_PRODUCTS_DIR; };
		84B090302A9A7EB5005326FB /* AppDelegate.swift */ = {isa = PBXFileReference; lastKnownFileType = sourcecode.swift; path = AppDelegate.swift; sourceTree = "<group>"; };
		84B090322A9A7EB5005326FB /* SceneDelegate.swift */ = {isa = PBXFileReference; lastKnownFileType = sourcecode.swift; path = SceneDelegate.swift; sourceTree = "<group>"; };
		84B090342A9A7EB5005326FB /* TodosViewController.swift */ = {isa = PBXFileReference; lastKnownFileType = sourcecode.swift; path = TodosViewController.swift; sourceTree = "<group>"; };
		84B090372A9A7EB5005326FB /* Base */ = {isa = PBXFileReference; lastKnownFileType = file.storyboard; name = Base; path = Base.lproj/Main.storyboard; sourceTree = "<group>"; };
		84B090392A9A7EB5005326FB /* Assets.xcassets */ = {isa = PBXFileReference; lastKnownFileType = folder.assetcatalog; path = Assets.xcassets; sourceTree = "<group>"; };
		84B0903C2A9A7EB5005326FB /* Base */ = {isa = PBXFileReference; lastKnownFileType = file.storyboard; name = Base; path = Base.lproj/LaunchScreen.storyboard; sourceTree = "<group>"; };
		84B0903E2A9A7EB5005326FB /* Info.plist */ = {isa = PBXFileReference; lastKnownFileType = text.plist.xml; path = Info.plist; sourceTree = "<group>"; };
		84FE78202A9FCB9900050F2F /* Category.swift */ = {isa = PBXFileReference; lastKnownFileType = sourcecode.swift; path = Category.swift; sourceTree = "<group>"; };
		84FE78222A9FCBA100050F2F /* Todo.swift */ = {isa = PBXFileReference; lastKnownFileType = sourcecode.swift; path = Todo.swift; sourceTree = "<group>"; };
/* End PBXFileReference section */

/* Begin PBXFrameworksBuildPhase section */
		84B0902A2A9A7EB5005326FB /* Frameworks */ = {
			isa = PBXFrameworksBuildPhase;
			buildActionMask = 2147483647;
			files = (
				842853302A9EF7F200E584E4 /* RealmSwift in Frameworks */,
				8428532E2A9EF7F200E584E4 /* Realm in Frameworks */,
			);
			runOnlyForDeploymentPostprocessing = 0;
		};
/* End PBXFrameworksBuildPhase section */

/* Begin PBXGroup section */
		849B27722A9B73F600831BD9 /* Controller */ = {
			isa = PBXGroup;
			children = (
				84B090342A9A7EB5005326FB /* TodosViewController.swift */,
				846D909B2A9E9A0300605D40 /* CategoriesViewController.swift */,
			);
			path = Controller;
			sourceTree = "<group>";
		};
		849B27732A9B740500831BD9 /* View */ = {
			isa = PBXGroup;
			children = (
				84B090362A9A7EB5005326FB /* Main.storyboard */,
			);
			path = View;
			sourceTree = "<group>";
		};
		849B27792A9B7BCF00831BD9 /* Model */ = {
			isa = PBXGroup;
			children = (
				84FE78202A9FCB9900050F2F /* Category.swift */,
				84FE78222A9FCBA100050F2F /* Todo.swift */,
			);
			path = Model;
			sourceTree = "<group>";
		};
		84B090242A9A7EB5005326FB = {
			isa = PBXGroup;
			children = (
				84B0902F2A9A7EB5005326FB /* Checkly */,
				84B0902E2A9A7EB5005326FB /* Products */,
			);
			sourceTree = "<group>";
		};
		84B0902E2A9A7EB5005326FB /* Products */ = {
			isa = PBXGroup;
			children = (
				84B0902D2A9A7EB5005326FB /* Checkly.app */,
			);
			name = Products;
			sourceTree = "<group>";
		};
		84B0902F2A9A7EB5005326FB /* Checkly */ = {
			isa = PBXGroup;
			children = (
				84B090302A9A7EB5005326FB /* AppDelegate.swift */,
				84B090322A9A7EB5005326FB /* SceneDelegate.swift */,
				849B27792A9B7BCF00831BD9 /* Model */,
				849B27732A9B740500831BD9 /* View */,
				849B27722A9B73F600831BD9 /* Controller */,
				84B090392A9A7EB5005326FB /* Assets.xcassets */,
				84B0903B2A9A7EB5005326FB /* LaunchScreen.storyboard */,
				84B0903E2A9A7EB5005326FB /* Info.plist */,
			);
			path = Checkly;
			sourceTree = "<group>";
		};
/* End PBXGroup section */

/* Begin PBXNativeTarget section */
		84B0902C2A9A7EB5005326FB /* Checkly */ = {
			isa = PBXNativeTarget;
			buildConfigurationList = 84B090412A9A7EB5005326FB /* Build configuration list for PBXNativeTarget "Checkly" */;
			buildPhases = (
				84B090292A9A7EB5005326FB /* Sources */,
				84B0902A2A9A7EB5005326FB /* Frameworks */,
				84B0902B2A9A7EB5005326FB /* Resources */,
			);
			buildRules = (
			);
			dependencies = (
			);
			name = Checkly;
			packageProductDependencies = (
				8428532D2A9EF7F200E584E4 /* Realm */,
				8428532F2A9EF7F200E584E4 /* RealmSwift */,
			);
			productName = ClearTodo;
			productReference = 84B0902D2A9A7EB5005326FB /* Checkly.app */;
			productType = "com.apple.product-type.application";
		};
/* End PBXNativeTarget section */

/* Begin PBXProject section */
		84B090252A9A7EB5005326FB /* Project object */ = {
			isa = PBXProject;
			attributes = {
				BuildIndependentTargetsInParallel = 1;
				LastSwiftUpdateCheck = 1430;
				LastUpgradeCheck = 1430;
				TargetAttributes = {
					84B0902C2A9A7EB5005326FB = {
						CreatedOnToolsVersion = 14.3.1;
					};
				};
			};
			buildConfigurationList = 84B090282A9A7EB5005326FB /* Build configuration list for PBXProject "Checkly" */;
			compatibilityVersion = "Xcode 14.0";
			developmentRegion = en;
			hasScannedForEncodings = 0;
			knownRegions = (
				en,
				Base,
			);
			mainGroup = 84B090242A9A7EB5005326FB;
			packageReferences = (
				8428532C2A9EF7F200E584E4 /* XCRemoteSwiftPackageReference "realm-swift" */,
			);
			productRefGroup = 84B0902E2A9A7EB5005326FB /* Products */;
			projectDirPath = "";
			projectRoot = "";
			targets = (
				84B0902C2A9A7EB5005326FB /* Checkly */,
			);
		};
/* End PBXProject section */

/* Begin PBXResourcesBuildPhase section */
		84B0902B2A9A7EB5005326FB /* Resources */ = {
			isa = PBXResourcesBuildPhase;
			buildActionMask = 2147483647;
			files = (
				84B0903D2A9A7EB5005326FB /* LaunchScreen.storyboard in Resources */,
				84B0903A2A9A7EB5005326FB /* Assets.xcassets in Resources */,
				84B090382A9A7EB5005326FB /* Main.storyboard in Resources */,
			);
			runOnlyForDeploymentPostprocessing = 0;
		};
/* End PBXResourcesBuildPhase section */

/* Begin PBXSourcesBuildPhase section */
		84B090292A9A7EB5005326FB /* Sources */ = {
			isa = PBXSourcesBuildPhase;
			buildActionMask = 2147483647;
			files = (
				84FE78232A9FCBA100050F2F /* Todo.swift in Sources */,
				84B090352A9A7EB5005326FB /* TodosViewController.swift in Sources */,
				84B090312A9A7EB5005326FB /* AppDelegate.swift in Sources */,
				84B090332A9A7EB5005326FB /* SceneDelegate.swift in Sources */,
				846D909C2A9E9A0300605D40 /* CategoriesViewController.swift in Sources */,
				84FE78212A9FCB9900050F2F /* Category.swift in Sources */,
			);
			runOnlyForDeploymentPostprocessing = 0;
		};
/* End PBXSourcesBuildPhase section */

/* Begin PBXVariantGroup section */
		84B090362A9A7EB5005326FB /* Main.storyboard */ = {
			isa = PBXVariantGroup;
			children = (
				84B090372A9A7EB5005326FB /* Base */,
			);
			name = Main.storyboard;
			sourceTree = "<group>";
		};
		84B0903B2A9A7EB5005326FB /* LaunchScreen.storyboard */ = {
			isa = PBXVariantGroup;
			children = (
				84B0903C2A9A7EB5005326FB /* Base */,
			);
			name = LaunchScreen.storyboard;
			sourceTree = "<group>";
		};
/* End PBXVariantGroup section */

/* Begin XCBuildConfiguration section */
		84B0903F2A9A7EB5005326FB /* Debug */ = {
			isa = XCBuildConfiguration;
			buildSettings = {
				ALWAYS_SEARCH_USER_PATHS = NO;
				CLANG_ANALYZER_NONNULL = YES;
				CLANG_ANALYZER_NUMBER_OBJECT_CONVERSION = YES_AGGRESSIVE;
				CLANG_CXX_LANGUAGE_STANDARD = "gnu++20";
				CLANG_ENABLE_MODULES = YES;
				CLANG_ENABLE_OBJC_ARC = YES;
				CLANG_ENABLE_OBJC_WEAK = YES;
				CLANG_WARN_BLOCK_CAPTURE_AUTORELEASING = YES;
				CLANG_WARN_BOOL_CONVERSION = YES;
				CLANG_WARN_COMMA = YES;
				CLANG_WARN_CONSTANT_CONVERSION = YES;
				CLANG_WARN_DEPRECATED_OBJC_IMPLEMENTATIONS = YES;
				CLANG_WARN_DIRECT_OBJC_ISA_USAGE = YES_ERROR;
				CLANG_WARN_DOCUMENTATION_COMMENTS = YES;
				CLANG_WARN_EMPTY_BODY = YES;
				CLANG_WARN_ENUM_CONVERSION = YES;
				CLANG_WARN_INFINITE_RECURSION = YES;
				CLANG_WARN_INT_CONVERSION = YES;
				CLANG_WARN_NON_LITERAL_NULL_CONVERSION = YES;
				CLANG_WARN_OBJC_IMPLICIT_RETAIN_SELF = YES;
				CLANG_WARN_OBJC_LITERAL_CONVERSION = YES;
				CLANG_WARN_OBJC_ROOT_CLASS = YES_ERROR;
				CLANG_WARN_QUOTED_INCLUDE_IN_FRAMEWORK_HEADER = YES;
				CLANG_WARN_RANGE_LOOP_ANALYSIS = YES;
				CLANG_WARN_STRICT_PROTOTYPES = YES;
				CLANG_WARN_SUSPICIOUS_MOVE = YES;
				CLANG_WARN_UNGUARDED_AVAILABILITY = YES_AGGRESSIVE;
				CLANG_WARN_UNREACHABLE_CODE = YES;
				CLANG_WARN__DUPLICATE_METHOD_MATCH = YES;
				COPY_PHASE_STRIP = NO;
				DEBUG_INFORMATION_FORMAT = dwarf;
				ENABLE_STRICT_OBJC_MSGSEND = YES;
				ENABLE_TESTABILITY = YES;
				GCC_C_LANGUAGE_STANDARD = gnu11;
				GCC_DYNAMIC_NO_PIC = NO;
				GCC_NO_COMMON_BLOCKS = YES;
				GCC_OPTIMIZATION_LEVEL = 0;
				GCC_PREPROCESSOR_DEFINITIONS = (
					"DEBUG=1",
					"$(inherited)",
				);
				GCC_WARN_64_TO_32_BIT_CONVERSION = YES;
				GCC_WARN_ABOUT_RETURN_TYPE = YES_ERROR;
				GCC_WARN_UNDECLARED_SELECTOR = YES;
				GCC_WARN_UNINITIALIZED_AUTOS = YES_AGGRESSIVE;
				GCC_WARN_UNUSED_FUNCTION = YES;
				GCC_WARN_UNUSED_VARIABLE = YES;
				IPHONEOS_DEPLOYMENT_TARGET = 16.4;
				MTL_ENABLE_DEBUG_INFO = INCLUDE_SOURCE;
				MTL_FAST_MATH = YES;
				ONLY_ACTIVE_ARCH = YES;
				SDKROOT = iphoneos;
				SWIFT_ACTIVE_COMPILATION_CONDITIONS = DEBUG;
				SWIFT_OPTIMIZATION_LEVEL = "-Onone";
			};
			name = Debug;
		};
		84B090402A9A7EB5005326FB /* Release */ = {
			isa = XCBuildConfiguration;
			buildSettings = {
				ALWAYS_SEARCH_USER_PATHS = NO;
				CLANG_ANALYZER_NONNULL = YES;
				CLANG_ANALYZER_NUMBER_OBJECT_CONVERSION = YES_AGGRESSIVE;
				CLANG_CXX_LANGUAGE_STANDARD = "gnu++20";
				CLANG_ENABLE_MODULES = YES;
				CLANG_ENABLE_OBJC_ARC = YES;
				CLANG_ENABLE_OBJC_WEAK = YES;
				CLANG_WARN_BLOCK_CAPTURE_AUTORELEASING = YES;
				CLANG_WARN_BOOL_CONVERSION = YES;
				CLANG_WARN_COMMA = YES;
				CLANG_WARN_CONSTANT_CONVERSION = YES;
				CLANG_WARN_DEPRECATED_OBJC_IMPLEMENTATIONS = YES;
				CLANG_WARN_DIRECT_OBJC_ISA_USAGE = YES_ERROR;
				CLANG_WARN_DOCUMENTATION_COMMENTS = YES;
				CLANG_WARN_EMPTY_BODY = YES;
				CLANG_WARN_ENUM_CONVERSION = YES;
				CLANG_WARN_INFINITE_RECURSION = YES;
				CLANG_WARN_INT_CONVERSION = YES;
				CLANG_WARN_NON_LITERAL_NULL_CONVERSION = YES;
				CLANG_WARN_OBJC_IMPLICIT_RETAIN_SELF = YES;
				CLANG_WARN_OBJC_LITERAL_CONVERSION = YES;
				CLANG_WARN_OBJC_ROOT_CLASS = YES_ERROR;
				CLANG_WARN_QUOTED_INCLUDE_IN_FRAMEWORK_HEADER = YES;
				CLANG_WARN_RANGE_LOOP_ANALYSIS = YES;
				CLANG_WARN_STRICT_PROTOTYPES = YES;
				CLANG_WARN_SUSPICIOUS_MOVE = YES;
				CLANG_WARN_UNGUARDED_AVAILABILITY = YES_AGGRESSIVE;
				CLANG_WARN_UNREACHABLE_CODE = YES;
				CLANG_WARN__DUPLICATE_METHOD_MATCH = YES;
				COPY_PHASE_STRIP = NO;
				DEBUG_INFORMATION_FORMAT = "dwarf-with-dsym";
				ENABLE_NS_ASSERTIONS = NO;
				ENABLE_STRICT_OBJC_MSGSEND = YES;
				GCC_C_LANGUAGE_STANDARD = gnu11;
				GCC_NO_COMMON_BLOCKS = YES;
				GCC_WARN_64_TO_32_BIT_CONVERSION = YES;
				GCC_WARN_ABOUT_RETURN_TYPE = YES_ERROR;
				GCC_WARN_UNDECLARED_SELECTOR = YES;
				GCC_WARN_UNINITIALIZED_AUTOS = YES_AGGRESSIVE;
				GCC_WARN_UNUSED_FUNCTION = YES;
				GCC_WARN_UNUSED_VARIABLE = YES;
				IPHONEOS_DEPLOYMENT_TARGET = 16.4;
				MTL_ENABLE_DEBUG_INFO = NO;
				MTL_FAST_MATH = YES;
				SDKROOT = iphoneos;
				SWIFT_COMPILATION_MODE = wholemodule;
				SWIFT_OPTIMIZATION_LEVEL = "-O";
				VALIDATE_PRODUCT = YES;
			};
			name = Release;
		};
		84B090422A9A7EB5005326FB /* Debug */ = {
			isa = XCBuildConfiguration;
			buildSettings = {
				ASSETCATALOG_COMPILER_APPICON_NAME = AppIcon;
				ASSETCATALOG_COMPILER_GLOBAL_ACCENT_COLOR_NAME = AccentColor;
				CODE_SIGN_STYLE = Automatic;
				CURRENT_PROJECT_VERSION = 1;
				DEVELOPMENT_TEAM = BGM74D9Z9Y;
				GENERATE_INFOPLIST_FILE = YES;
				INFOPLIST_FILE = Checkly/Info.plist;
				INFOPLIST_KEY_CFBundleDisplayName = Checkly;
				INFOPLIST_KEY_UIApplicationSupportsIndirectInputEvents = YES;
				INFOPLIST_KEY_UILaunchStoryboardName = LaunchScreen;
				INFOPLIST_KEY_UIMainStoryboardFile = Main;
				INFOPLIST_KEY_UISupportedInterfaceOrientations_iPad = "UIInterfaceOrientationPortrait UIInterfaceOrientationPortraitUpsideDown UIInterfaceOrientationLandscapeLeft UIInterfaceOrientationLandscapeRight";
				INFOPLIST_KEY_UISupportedInterfaceOrientations_iPhone = "UIInterfaceOrientationPortrait UIInterfaceOrientationLandscapeLeft UIInterfaceOrientationLandscapeRight";
				LD_RUNPATH_SEARCH_PATHS = (
					"$(inherited)",
					"@executable_path/Frameworks",
				);
				MARKETING_VERSION = 1.0;
				PRODUCT_BUNDLE_IDENTIFIER = com.adnanhabibmirza.Checkly;
				PRODUCT_NAME = "$(TARGET_NAME)";
				SWIFT_EMIT_LOC_STRINGS = YES;
				SWIFT_VERSION = 5.0;
				TARGETED_DEVICE_FAMILY = "1,2";
			};
			name = Debug;
		};
		84B090432A9A7EB5005326FB /* Release */ = {
			isa = XCBuildConfiguration;
			buildSettings = {
				ASSETCATALOG_COMPILER_APPICON_NAME = AppIcon;
				ASSETCATALOG_COMPILER_GLOBAL_ACCENT_COLOR_NAME = AccentColor;
				CODE_SIGN_STYLE = Automatic;
				CURRENT_PROJECT_VERSION = 1;
				DEVELOPMENT_TEAM = BGM74D9Z9Y;
				GENERATE_INFOPLIST_FILE = YES;
				INFOPLIST_FILE = Checkly/Info.plist;
				INFOPLIST_KEY_CFBundleDisplayName = Checkly;
				INFOPLIST_KEY_UIApplicationSupportsIndirectInputEvents = YES;
				INFOPLIST_KEY_UILaunchStoryboardName = LaunchScreen;
				INFOPLIST_KEY_UIMainStoryboardFile = Main;
				INFOPLIST_KEY_UISupportedInterfaceOrientations_iPad = "UIInterfaceOrientationPortrait UIInterfaceOrientationPortraitUpsideDown UIInterfaceOrientationLandscapeLeft UIInterfaceOrientationLandscapeRight";
				INFOPLIST_KEY_UISupportedInterfaceOrientations_iPhone = "UIInterfaceOrientationPortrait UIInterfaceOrientationLandscapeLeft UIInterfaceOrientationLandscapeRight";
				LD_RUNPATH_SEARCH_PATHS = (
					"$(inherited)",
					"@executable_path/Frameworks",
				);
				MARKETING_VERSION = 1.0;
				PRODUCT_BUNDLE_IDENTIFIER = com.adnanhabibmirza.Checkly;
				PRODUCT_NAME = "$(TARGET_NAME)";
				SWIFT_EMIT_LOC_STRINGS = YES;
				SWIFT_VERSION = 5.0;
				TARGETED_DEVICE_FAMILY = "1,2";
			};
			name = Release;
		};
/* End XCBuildConfiguration section */

/* Begin XCConfigurationList section */
		84B090282A9A7EB5005326FB /* Build configuration list for PBXProject "Checkly" */ = {
			isa = XCConfigurationList;
			buildConfigurations = (
				84B0903F2A9A7EB5005326FB /* Debug */,
				84B090402A9A7EB5005326FB /* Release */,
			);
			defaultConfigurationIsVisible = 0;
			defaultConfigurationName = Release;
		};
		84B090412A9A7EB5005326FB /* Build configuration list for PBXNativeTarget "Checkly" */ = {
			isa = XCConfigurationList;
			buildConfigurations = (
				84B090422A9A7EB5005326FB /* Debug */,
				84B090432A9A7EB5005326FB /* Release */,
			);
			defaultConfigurationIsVisible = 0;
			defaultConfigurationName = Release;
		};
/* End XCConfigurationList section */

/* Begin XCRemoteSwiftPackageReference section */
		8428532C2A9EF7F200E584E4 /* XCRemoteSwiftPackageReference "realm-swift" */ = {
			isa = XCRemoteSwiftPackageReference;
			repositoryURL = "https://github.com/realm/realm-swift.git";
			requirement = {
				kind = upToNextMajorVersion;
				minimumVersion = 10.42.1;
			};
		};
/* End XCRemoteSwiftPackageReference section */

/* Begin XCSwiftPackageProductDependency section */
		8428532D2A9EF7F200E584E4 /* Realm */ = {
			isa = XCSwiftPackageProductDependency;
			package = 8428532C2A9EF7F200E584E4 /* XCRemoteSwiftPackageReference "realm-swift" */;
			productName = Realm;
		};
		8428532F2A9EF7F200E584E4 /* RealmSwift */ = {
			isa = XCSwiftPackageProductDependency;
			package = 8428532C2A9EF7F200E584E4 /* XCRemoteSwiftPackageReference "realm-swift" */;
			productName = RealmSwift;
		};
/* End XCSwiftPackageProductDependency section */
	};
	rootObject = 84B090252A9A7EB5005326FB /* Project object */;
}
